
Microsoft Visual Studio Solution File, Format Version 12.00
# Visual Studio Version 17
VisualStudioVersion = 17.8.34330.188
MinimumVisualStudioVersion = 10.0.40219.1
Project("{FAE04EC0-301F-11D3-BF4B-00C04F79EFBC}") = "OnlineFood", "OnlineFood\OnlineFood.csproj", "{EF9CC961-F9CB-4072-B6D3-7683E11CFE54}"
EndProject
Global
	GlobalSection(SolutionConfigurationPlatforms) = preSolution
		Debug|Any CPU = Debug|Any CPU
		Release|Any CPU = Release|Any CPU
	EndGlobalSection
	GlobalSection(ProjectConfigurationPlatforms) = postSolution
		{EF9CC961-F9CB-4072-B6D3-7683E11CFE54}.Debug|Any CPU.ActiveCfg = Debug|Any CPU
		{EF9CC961-F9CB-4072-B6D3-7683E11CFE54}.Debug|Any CPU.Build.0 = Debug|Any CPU
		{EF9CC961-F9CB-4072-B6D3-7683E11CFE54}.Release|Any CPU.ActiveCfg = Release|Any CPU
		{EF9CC961-F9CB-4072-B6D3-7683E11CFE54}.Release|Any CPU.Build.0 = Release|Any CPU
	EndGlobalSection
	GlobalSection(SolutionProperties) = preSolution
		HideSolutionNode = FALSE
	EndGlobalSection
	GlobalSection(ExtensibilityGlobals) = postSolution
		SolutionGuid = {E3351C67-BDEF-4BDC-BCA9-64214911B448}
	EndGlobalSection
EndGlobal
